<?xml version="1.0" encoding="utf-8"?>
<Project ToolsVersion="Current" xmlns="http://schemas.microsoft.com/developer/msbuild/2003">
  <ItemGroup>
    <ClCompile Include="..\src\bStack.cpp" />
    <ClCompile Include="..\src\Clisten.cpp" />
    <ClCompile Include="..\src\cMalloc.cpp" />
    <ClCompile Include="..\src\getPalette.cpp" />
    <ClCompile Include="..\src\iqSDR.cpp" />
    <ClCompile Include="..\src\mThread.cpp" />
    <ClCompile Include="..\src\sdr.cpp" />
    <ClCompile Include="..\src\send.cpp" />
    <ClCompile Include="..\src\sound.cpp" />
    <ClCompile Include="..\src\sweep.cpp" />
    <ClCompile Include="..\src\WarningBatch.cpp" />
    <ClCompile Include="..\hdf-4.2.5\atom.c">
      <Filter>hdf</Filter>
    </ClCompile>
    <ClCompile Include="..\hdf-4.2.5\bitvect.c">
      <Filter>hdf</Filter>
    </ClCompile>
    <ClCompile Include="..\hdf-4.2.5\cnbit.c">
      <Filter>hdf</Filter>
    </ClCompile>
    <ClCompile Include="..\hdf-4.2.5\cnone.c">
      <Filter>hdf</Filter>
    </ClCompile>
    <ClCompile Include="..\hdf-4.2.5\crle.c">
      <Filter>hdf</Filter>
    </ClCompile>
    <ClCompile Include="..\hdf-4.2.5\cskphuff.c">
      <Filter>hdf</Filter>
    </ClCompile>
    <ClCompile Include="..\hdf-4.2.5\cszip.c">
      <Filter>hdf</Filter>
    </ClCompile>
    <ClCompile Include="..\hdf-4.2.5\df24.c">
      <Filter>hdf</Filter>
    </ClCompile>
    <ClCompile Include="..\hdf-4.2.5\df24f.c">
      <Filter>hdf</Filter>
    </ClCompile>
    <ClCompile Include="..\hdf-4.2.5\dfan.c">
      <Filter>hdf</Filter>
    </ClCompile>
    <ClCompile Include="..\hdf-4.2.5\dfanf.c">
      <Filter>hdf</Filter>
    </ClCompile>
    <ClCompile Include="..\hdf-4.2.5\dfcomp.c">
      <Filter>hdf</Filter>
    </ClCompile>
    <ClCompile Include="..\hdf-4.2.5\dfconv.c">
      <Filter>hdf</Filter>
    </ClCompile>
    <ClCompile Include="..\hdf-4.2.5\dff.c">
      <Filter>hdf</Filter>
    </ClCompile>
    <ClCompile Include="..\hdf-4.2.5\dfgr.c">
      <Filter>hdf</Filter>
    </ClCompile>
    <ClCompile Include="..\hdf-4.2.5\dfgroup.c">
      <Filter>hdf</Filter>
    </ClCompile>
    <ClCompile Include="..\hdf-4.2.5\dfimcomp.c">
      <Filter>hdf</Filter>
    </ClCompile>
    <ClCompile Include="..\hdf-4.2.5\dfjpeg.c">
      <Filter>hdf</Filter>
    </ClCompile>
    <ClCompile Include="..\hdf-4.2.5\dfkconv.c">
      <Filter>hdf</Filter>
    </ClCompile>
    <ClCompile Include="..\hdf-4.2.5\dfkcray.c">
      <Filter>hdf</Filter>
    </ClCompile>
    <ClCompile Include="..\hdf-4.2.5\dfkfuji.c">
      <Filter>hdf</Filter>
    </ClCompile>
    <ClCompile Include="..\hdf-4.2.5\dfknat.c">
      <Filter>hdf</Filter>
    </ClCompile>
    <ClCompile Include="..\hdf-4.2.5\dfkswap.c">
      <Filter>hdf</Filter>
    </ClCompile>
    <ClCompile Include="..\hdf-4.2.5\dfkvms.c">
      <Filter>hdf</Filter>
    </ClCompile>
    <ClCompile Include="..\hdf-4.2.5\dfp.c">
      <Filter>hdf</Filter>
    </ClCompile>
    <ClCompile Include="..\hdf-4.2.5\dfpf.c">
      <Filter>hdf</Filter>
    </ClCompile>
    <ClCompile Include="..\hdf-4.2.5\dfr8.c">
      <Filter>hdf</Filter>
    </ClCompile>
    <ClCompile Include="..\hdf-4.2.5\dfr8f.c">
      <Filter>hdf</Filter>
    </ClCompile>
    <ClCompile Include="..\hdf-4.2.5\dfrle.c">
      <Filter>hdf</Filter>
    </ClCompile>
    <ClCompile Include="..\hdf-4.2.5\dfsd.c">
      <Filter>hdf</Filter>
    </ClCompile>
    <ClCompile Include="..\hdf-4.2.5\dfsdf.c">
      <Filter>hdf</Filter>
    </ClCompile>
    <ClCompile Include="..\hdf-4.2.5\dfstubs.c">
      <Filter>hdf</Filter>
    </ClCompile>
    <ClCompile Include="..\hdf-4.2.5\dfufp2i.c">
      <Filter>hdf</Filter>
    </ClCompile>
    <ClCompile Include="..\hdf-4.2.5\dfufp2if.c">
      <Filter>hdf</Filter>
    </ClCompile>
    <ClCompile Include="..\hdf-4.2.5\dfunjpeg.c">
      <Filter>hdf</Filter>
    </ClCompile>
    <ClCompile Include="..\hdf-4.2.5\dfutil.c">
      <Filter>hdf</Filter>
    </ClCompile>
    <ClCompile Include="..\hdf-4.2.5\dfutilf.c">
      <Filter>hdf</Filter>
    </ClCompile>
    <ClCompile Include="..\hdf-4.2.5\dir_mac.c">
      <Filter>hdf</Filter>
    </ClCompile>
    <ClCompile Include="..\hdf-4.2.5\dynarray.c">
      <Filter>hdf</Filter>
    </ClCompile>
    <ClCompile Include="..\hdf-4.2.5\glist.c">
      <Filter>hdf</Filter>
    </ClCompile>
    <ClCompile Include="..\hdf-4.2.5\hbitio.c">
      <Filter>hdf</Filter>
    </ClCompile>
    <ClCompile Include="..\hdf-4.2.5\hblocks.c">
      <Filter>hdf</Filter>
    </ClCompile>
    <ClCompile Include="..\hdf-4.2.5\hbuffer.c">
      <Filter>hdf</Filter>
    </ClCompile>
    <ClCompile Include="..\hdf-4.2.5\hchunks.c">
      <Filter>hdf</Filter>
    </ClCompile>
    <ClCompile Include="..\hdf-4.2.5\hcomp.c">
      <Filter>hdf</Filter>
    </ClCompile>
    <ClCompile Include="..\hdf-4.2.5\hcompri.c">
      <Filter>hdf</Filter>
    </ClCompile>
    <ClCompile Include="..\hdf-4.2.5\hdfalloc.c">
      <Filter>hdf</Filter>
    </ClCompile>
    <ClCompile Include="..\hdf-4.2.5\herr.c">
      <Filter>hdf</Filter>
    </ClCompile>
    <ClCompile Include="..\hdf-4.2.5\herrf.c">
      <Filter>hdf</Filter>
    </ClCompile>
    <ClCompile Include="..\hdf-4.2.5\hextelt.c">
      <Filter>hdf</Filter>
    </ClCompile>
    <ClCompile Include="..\hdf-4.2.5\hfile.c">
      <Filter>hdf</Filter>
    </ClCompile>
    <ClCompile Include="..\hdf-4.2.5\hfiledd.c">
      <Filter>hdf</Filter>
    </ClCompile>
    <ClCompile Include="..\hdf-4.2.5\hfilef.c">
      <Filter>hdf</Filter>
    </ClCompile>
    <ClCompile Include="..\hdf-4.2.5\hkit.c">
      <Filter>hdf</Filter>
    </ClCompile>
    <ClCompile Include="..\hdf-4.2.5\linklist.c">
      <Filter>hdf</Filter>
    </ClCompile>
    <ClCompile Include="..\hdf-4.2.5\mcache.c">
      <Filter>hdf</Filter>
    </ClCompile>
    <ClCompile Include="..\hdf-4.2.5\mfan.c">
      <Filter>hdf</Filter>
    </ClCompile>
    <ClCompile Include="..\hdf-4.2.5\mfanf.c">
      <Filter>hdf</Filter>
    </ClCompile>
    <ClCompile Include="..\hdf-4.2.5\mfgr.c">
      <Filter>hdf</Filter>
    </ClCompile>
    <ClCompile Include="..\hdf-4.2.5\mfgrf.c">
      <Filter>hdf</Filter>
    </ClCompile>
    <ClCompile Include="..\hdf-4.2.5\mstdio.c">
      <Filter>hdf</Filter>
    </ClCompile>
    <ClCompile Include="..\hdf-4.2.5\tbbt.c">
      <Filter>hdf</Filter>
    </ClCompile>
    <ClCompile Include="..\hdf-4.2.5\vattr.c">
      <Filter>hdf</Filter>
    </ClCompile>
    <ClCompile Include="..\hdf-4.2.5\vattrf.c">
      <Filter>hdf</Filter>
    </ClCompile>
    <ClCompile Include="..\hdf-4.2.5\vconv.c">
      <Filter>hdf</Filter>
    </ClCompile>
    <ClCompile Include="..\hdf-4.2.5\vg.c">
      <Filter>hdf</Filter>
    </ClCompile>
    <ClCompile Include="..\hdf-4.2.5\vgf.c">
      <Filter>hdf</Filter>
    </ClCompile>
    <ClCompile Include="..\hdf-4.2.5\vgp.c">
      <Filter>hdf</Filter>
    </ClCompile>
    <ClCompile Include="..\hdf-4.2.5\vhi.c">
      <Filter>hdf</Filter>
    </ClCompile>
    <ClCompile Include="..\hdf-4.2.5\vio.c">
      <Filter>hdf</Filter>
    </ClCompile>
    <ClCompile Include="..\hdf-4.2.5\vparse.c">
      <Filter>hdf</Filter>
    </ClCompile>
    <ClCompile Include="..\hdf-4.2.5\vrw.c">
      <Filter>hdf</Filter>
    </ClCompile>
    <ClCompile Include="..\hdf-4.2.5\vsfld.c">
      <Filter>hdf</Filter>
    </ClCompile>
    <ClCompile Include="..\zlib-1.2.1\adler32.c">
      <Filter>z</Filter>
    </ClCompile>
    <ClCompile Include="..\zlib-1.2.1\compress.c">
      <Filter>z</Filter>
    </ClCompile>
    <ClCompile Include="..\zlib-1.2.1\crc32.c">
      <Filter>z</Filter>
    </ClCompile>
    <ClCompile Include="..\zlib-1.2.1\deflate.c">
      <Filter>z</Filter>
    </ClCompile>
    <ClCompile Include="..\zlib-1.2.1\infback.c">
      <Filter>z</Filter>
    </ClCompile>
    <ClCompile Include="..\zlib-1.2.1\inffast.c">
      <Filter>z</Filter>
    </ClCompile>
    <ClCompile Include="..\zlib-1.2.1\inftrees.c">
      <Filter>z</Filter>
    </ClCompile>
    <ClCompile Include="..\zlib-1.2.1\trees.c">
      <Filter>z</Filter>
    </ClCompile>
    <ClCompile Include="..\zlib-1.2.1\uncompr.c">
      <Filter>z</Filter>
    </ClCompile>
    <ClCompile Include="..\zlib-1.2.1\zutil.c">
      <Filter>z</Filter>
    </ClCompile>
    <ClCompile Include="..\jpeg-6b\cdjpeg.c">
      <Filter>jpeg</Filter>
    </ClCompile>
    <ClCompile Include="..\jpeg-6b\jcapimin.c">
      <Filter>jpeg</Filter>
    </ClCompile>
    <ClCompile Include="..\jpeg-6b\jcapistd.c">
      <Filter>jpeg</Filter>
    </ClCompile>
    <ClCompile Include="..\jpeg-6b\jccoefct.c">
      <Filter>jpeg</Filter>
    </ClCompile>
    <ClCompile Include="..\jpeg-6b\jccolor.c">
      <Filter>jpeg</Filter>
    </ClCompile>
    <ClCompile Include="..\jpeg-6b\jcdctmgr.c">
      <Filter>jpeg</Filter>
    </ClCompile>
    <ClCompile Include="..\jpeg-6b\jchuff.c">
      <Filter>jpeg</Filter>
    </ClCompile>
    <ClCompile Include="..\jpeg-6b\jcinit.c">
      <Filter>jpeg</Filter>
    </ClCompile>
    <ClCompile Include="..\jpeg-6b\jcmarker.c">
      <Filter>jpeg</Filter>
    </ClCompile>
    <ClCompile Include="..\jpeg-6b\jcmaster.c">
      <Filter>jpeg</Filter>
    </ClCompile>
    <ClCompile Include="..\jpeg-6b\jcomapi.c">
      <Filter>jpeg</Filter>
    </ClCompile>
    <ClCompile Include="..\jpeg-6b\jcparam.c">
      <Filter>jpeg</Filter>
    </ClCompile>
    <ClCompile Include="..\jpeg-6b\jcphuff.c">
      <Filter>jpeg</Filter>
    </ClCompile>
    <ClCompile Include="..\jpeg-6b\jcprepct.c">
      <Filter>jpeg</Filter>
    </ClCompile>
    <ClCompile Include="..\jpeg-6b\jcsample.c">
      <Filter>jpeg</Filter>
    </ClCompile>
    <ClCompile Include="..\jpeg-6b\jctrans.c">
      <Filter>jpeg</Filter>
    </ClCompile>
    <ClCompile Include="..\jpeg-6b\jdapimin.c">
      <Filter>jpeg</Filter>
    </ClCompile>
    <ClCompile Include="..\jpeg-6b\jdapistd.c">
      <Filter>jpeg</Filter>
    </ClCompile>
    <ClCompile Include="..\jpeg-6b\jdatadst.c">
      <Filter>jpeg</Filter>
    </ClCompile>
    <ClCompile Include="..\jpeg-6b\jdatasrc.c">
      <Filter>jpeg</Filter>
    </ClCompile>
    <ClCompile Include="..\jpeg-6b\jdcoefct.c">
      <Filter>jpeg</Filter>
    </ClCompile>
    <ClCompile Include="..\jpeg-6b\jdcolor.c">
      <Filter>jpeg</Filter>
    </ClCompile>
    <ClCompile Include="..\jpeg-6b\jddctmgr.c">
      <Filter>jpeg</Filter>
    </ClCompile>
    <ClCompile Include="..\jpeg-6b\jdhuff.c">
      <Filter>jpeg</Filter>
    </ClCompile>
    <ClCompile Include="..\jpeg-6b\jdinput.c">
      <Filter>jpeg</Filter>
    </ClCompile>
    <ClCompile Include="..\jpeg-6b\jdmarker.c">
      <Filter>jpeg</Filter>
    </ClCompile>
    <ClCompile Include="..\jpeg-6b\jdmaster.c">
      <Filter>jpeg</Filter>
    </ClCompile>
    <ClCompile Include="..\jpeg-6b\jdmerge.c">
      <Filter>jpeg</Filter>
    </ClCompile>
    <ClCompile Include="..\jpeg-6b\jdphuff.c">
      <Filter>jpeg</Filter>
    </ClCompile>
    <ClCompile Include="..\jpeg-6b\jdpostct.c">
      <Filter>jpeg</Filter>
    </ClCompile>
    <ClCompile Include="..\jpeg-6b\jdsample.c">
      <Filter>jpeg</Filter>
    </ClCompile>
    <ClCompile Include="..\jpeg-6b\jdtrans.c">
      <Filter>jpeg</Filter>
    </ClCompile>
    <ClCompile Include="..\jpeg-6b\jerror.c">
      <Filter>jpeg</Filter>
    </ClCompile>
    <ClCompile Include="..\jpeg-6b\jfdctflt.c">
      <Filter>jpeg</Filter>
    </ClCompile>
    <ClCompile Include="..\jpeg-6b\jfdctfst.c">
      <Filter>jpeg</Filter>
    </ClCompile>
    <ClCompile Include="..\jpeg-6b\jfdctint.c">
      <Filter>jpeg</Filter>
    </ClCompile>
    <ClCompile Include="..\jpeg-6b\jidctflt.c">
      <Filter>jpeg</Filter>
    </ClCompile>
    <ClCompile Include="..\jpeg-6b\jidctfst.c">
      <Filter>jpeg</Filter>
    </ClCompile>
    <ClCompile Include="..\jpeg-6b\jidctint.c">
      <Filter>jpeg</Filter>
    </ClCompile>
    <ClCompile Include="..\jpeg-6b\jidctred.c">
      <Filter>jpeg</Filter>
    </ClCompile>
    <ClCompile Include="..\jpeg-6b\jmemansi.c">
      <Filter>jpeg</Filter>
    </ClCompile>
    <ClCompile Include="..\jpeg-6b\jquant1.c">
      <Filter>jpeg</Filter>
    </ClCompile>
    <ClCompile Include="..\jpeg-6b\jquant2.c">
      <Filter>jpeg</Filter>
    </ClCompile>
    <ClCompile Include="..\jpeg-6b\jutils.c">
      <Filter>jpeg</Filter>
    </ClCompile>
    <ClCompile Include="..\jpeg-6b\rdbmp.c">
      <Filter>jpeg</Filter>
    </ClCompile>
    <ClCompile Include="..\jpeg-6b\rdcolmap.c">
      <Filter>jpeg</Filter>
    </ClCompile>
    <ClCompile Include="..\jpeg-6b\rdgif.c">
      <Filter>jpeg</Filter>
    </ClCompile>
    <ClCompile Include="..\jpeg-6b\rdppm.c">
      <Filter>jpeg</Filter>
    </ClCompile>
    <ClCompile Include="..\jpeg-6b\rdrle.c">
      <Filter>jpeg</Filter>
    </ClCompile>
    <ClCompile Include="..\jpeg-6b\rdswitch.c">
      <Filter>jpeg</Filter>
    </ClCompile>
    <ClCompile Include="..\jpeg-6b\rdtarga.c">
      <Filter>jpeg</Filter>
    </ClCompile>
    <ClCompile Include="..\jpeg-6b\transupp.c">
      <Filter>jpeg</Filter>
    </ClCompile>
    <ClCompile Include="..\jpeg-6b\wrbmp.c">
      <Filter>jpeg</Filter>
    </ClCompile>
    <ClCompile Include="..\jpeg-6b\wrgif.c">
      <Filter>jpeg</Filter>
    </ClCompile>
    <ClCompile Include="..\jpeg-6b\wrjpgcom.c">
      <Filter>jpeg</Filter>
    </ClCompile>
    <ClCompile Include="..\jpeg-6b\wrppm.c">
      <Filter>jpeg</Filter>
    </ClCompile>
    <ClCompile Include="..\jpeg-6b\wrrle.c">
      <Filter>jpeg</Filter>
    </ClCompile>
    <ClCompile Include="..\jpeg-6b\wrtarga.c">
      <Filter>jpeg</Filter>
    </ClCompile>
    <ClCompile Include="..\hdf-4.2.5\cdeflate.c">
      <Filter>hdf</Filter>
    </ClCompile>
    <ClCompile Include="..\zlib-1.2.1\inflate.c">
      <Filter>z</Filter>
    </ClCompile>
    <ClCompile Include="..\src\graphics.cpp" />
  </ItemGroup>
  <ItemGroup>
    <ClInclude Include="..\src\bStack.h" />
    <ClInclude Include="..\src\Clisten.h" />
    <ClInclude Include="..\src\firstFile.h" />
    <ClInclude Include="..\src\iqSDR.h" />
    <ClInclude Include="..\src\mThread.h" />
    <ClInclude Include="..\src\sdr.h" />
    <ClInclude Include="..\src\SocketDefs.h" />
    <ClInclude Include="..\src\sound.h" />
    <ClInclude Include="..\src\WarningBatch.h" />
    <ClInclude Include="..\hdf-4.2.5\atom.h">
      <Filter>hdf</Filter>
    </ClInclude>
    <ClInclude Include="..\hdf-4.2.5\bitvect.h">
      <Filter>hdf</Filter>
    </ClInclude>
    <ClInclude Include="..\hdf-4.2.5\cnbit.h">
      <Filter>hdf</Filter>
    </ClInclude>
    <ClInclude Include="..\hdf-4.2.5\cnone.h">
      <Filter>hdf</Filter>
    </ClInclude>
    <ClInclude Include="..\hdf-4.2.5\crle.h">
      <Filter>hdf</Filter>
    </ClInclude>
    <ClInclude Include="..\hdf-4.2.5\cskphuff.h">
      <Filter>hdf</Filter>
    </ClInclude>
    <ClInclude Include="..\hdf-4.2.5\cszip.h">
      <Filter>hdf</Filter>
    </ClInclude>
    <ClInclude Include="..\hdf-4.2.5\df.h">
      <Filter>hdf</Filter>
    </ClInclude>
    <ClInclude Include="..\hdf-4.2.5\dfan.h">
      <Filter>hdf</Filter>
    </ClInclude>
    <ClInclude Include="..\hdf-4.2.5\dfconvrt.h">
      <Filter>hdf</Filter>
    </ClInclude>
    <ClInclude Include="..\hdf-4.2.5\dfgr.h">
      <Filter>hdf</Filter>
    </ClInclude>
    <ClInclude Include="..\hdf-4.2.5\dfi.h">
      <Filter>hdf</Filter>
    </ClInclude>
    <ClInclude Include="..\hdf-4.2.5\dfivms.h">
      <Filter>hdf</Filter>
    </ClInclude>
    <ClInclude Include="..\hdf-4.2.5\dfrig.h">
      <Filter>hdf</Filter>
    </ClInclude>
    <ClInclude Include="..\hdf-4.2.5\dfsd.h">
      <Filter>hdf</Filter>
    </ClInclude>
    <ClInclude Include="..\hdf-4.2.5\dfstubs.h">
      <Filter>hdf</Filter>
    </ClInclude>
    <ClInclude Include="..\hdf-4.2.5\dfufp2i.h">
      <Filter>hdf</Filter>
    </ClInclude>
    <ClInclude Include="..\hdf-4.2.5\dir_mac.h">
      <Filter>hdf</Filter>
    </ClInclude>
    <ClInclude Include="..\hdf-4.2.5\dynarray.h">
      <Filter>hdf</Filter>
    </ClInclude>
    <ClInclude Include="..\hdf-4.2.5\glist.h">
      <Filter>hdf</Filter>
    </ClInclude>
    <ClInclude Include="..\hdf-4.2.5\h4config.h">
      <Filter>hdf</Filter>
    </ClInclude>
    <ClInclude Include="..\hdf-4.2.5\hbitio.h">
      <Filter>hdf</Filter>
    </ClInclude>
    <ClInclude Include="..\hdf-4.2.5\hchunks.h">
      <Filter>hdf</Filter>
    </ClInclude>
    <ClInclude Include="..\hdf-4.2.5\hcomp.h">
      <Filter>hdf</Filter>
    </ClInclude>
    <ClInclude Include="..\hdf-4.2.5\hcompi.h">
      <Filter>hdf</Filter>
    </ClInclude>
    <ClInclude Include="..\hdf-4.2.5\hconv.h">
      <Filter>hdf</Filter>
    </ClInclude>
    <ClInclude Include="..\hdf-4.2.5\hdf.h">
      <Filter>hdf</Filter>
    </ClInclude>
    <ClInclude Include="..\hdf-4.2.5\hdfi.h">
      <Filter>hdf</Filter>
    </ClInclude>
    <ClInclude Include="..\hdf-4.2.5\herr.h">
      <Filter>hdf</Filter>
    </ClInclude>
    <ClInclude Include="..\hdf-4.2.5\hfile.h">
      <Filter>hdf</Filter>
    </ClInclude>
    <ClInclude Include="..\hdf-4.2.5\hkit.h">
      <Filter>hdf</Filter>
    </ClInclude>
    <ClInclude Include="..\hdf-4.2.5\hlimits.h">
      <Filter>hdf</Filter>
    </ClInclude>
    <ClInclude Include="..\hdf-4.2.5\hntdefs.h">
      <Filter>hdf</Filter>
    </ClInclude>
    <ClInclude Include="..\hdf-4.2.5\hproto.h">
      <Filter>hdf</Filter>
    </ClInclude>
    <ClInclude Include="..\hdf-4.2.5\hproto_fortran.h">
      <Filter>hdf</Filter>
    </ClInclude>
    <ClInclude Include="..\hdf-4.2.5\hqueue.h">
      <Filter>hdf</Filter>
    </ClInclude>
    <ClInclude Include="..\hdf-4.2.5\htags.h">
      <Filter>hdf</Filter>
    </ClInclude>
    <ClInclude Include="..\hdf-4.2.5\linklist.h">
      <Filter>hdf</Filter>
    </ClInclude>
    <ClInclude Include="..\hdf-4.2.5\maldebug.h">
      <Filter>hdf</Filter>
    </ClInclude>
    <ClInclude Include="..\hdf-4.2.5\mcache.h">
      <Filter>hdf</Filter>
    </ClInclude>
    <ClInclude Include="..\hdf-4.2.5\mfan.h">
      <Filter>hdf</Filter>
    </ClInclude>
    <ClInclude Include="..\hdf-4.2.5\mfgr.h">
      <Filter>hdf</Filter>
    </ClInclude>
    <ClInclude Include="..\hdf-4.2.5\mstdio.h">
      <Filter>hdf</Filter>
    </ClInclude>
    <ClInclude Include="..\hdf-4.2.5\patchlevel.h">
      <Filter>hdf</Filter>
    </ClInclude>
    <ClInclude Include="..\hdf-4.2.5\sys_dir_mac.h">
      <Filter>hdf</Filter>
    </ClInclude>
    <ClInclude Include="..\hdf-4.2.5\tbbt.h">
      <Filter>hdf</Filter>
    </ClInclude>
    <ClInclude Include="..\hdf-4.2.5\trace.h">
      <Filter>hdf</Filter>
    </ClInclude>
    <ClInclude Include="..\hdf-4.2.5\vattr.h">
      <Filter>hdf</Filter>
    </ClInclude>
    <ClInclude Include="..\hdf-4.2.5\vg.h">
      <Filter>hdf</Filter>
    </ClInclude>
    <ClInclude Include="..\hdf-4.2.5\vgint.h">
      <Filter>hdf</Filter>
    </ClInclude>
    <ClInclude Include="..\zlib-1.2.1\crc32.h">
      <Filter>z</Filter>
    </ClInclude>
    <ClInclude Include="..\zlib-1.2.1\deflate.h">
      <Filter>z</Filter>
    </ClInclude>
    <ClInclude Include="..\zlib-1.2.1\inffast.h">
      <Filter>z</Filter>
    </ClInclude>
    <ClInclude Include="..\zlib-1.2.1\inffixed.h">
      <Filter>z</Filter>
    </ClInclude>
    <ClInclude Include="..\zlib-1.2.1\inflate.h">
      <Filter>z</Filter>
    </ClInclude>
    <ClInclude Include="..\zlib-1.2.1\inftrees.h">
      <Filter>z</Filter>
    </ClInclude>
    <ClInclude Include="..\zlib-1.2.1\trees.h">
      <Filter>z</Filter>
    </ClInclude>
    <ClInclude Include="..\zlib-1.2.1\zconf.h">
      <Filter>z</Filter>
    </ClInclude>
    <ClInclude Include="..\zlib-1.2.1\zconf.in.h">
      <Filter>z</Filter>
    </ClInclude>
    <ClInclude Include="..\zlib-1.2.1\zlib.h">
      <Filter>z</Filter>
    </ClInclude>
    <ClInclude Include="..\zlib-1.2.1\zutil.h">
      <Filter>z</Filter>
    </ClInclude>
    <ClInclude Include="..\jpeg-6b\cderror.h">
      <Filter>jpeg</Filter>
    </ClInclude>
    <ClInclude Include="..\jpeg-6b\cdjpeg.h">
      <Filter>jpeg</Filter>
    </ClInclude>
    <ClInclude Include="..\jpeg-6b\jchuff.h">
      <Filter>jpeg</Filter>
    </ClInclude>
    <ClInclude Include="..\jpeg-6b\jconfig.h">
      <Filter>jpeg</Filter>
    </ClInclude>
    <ClInclude Include="..\jpeg-6b\jdct.h">
      <Filter>jpeg</Filter>
    </ClInclude>
    <ClInclude Include="..\jpeg-6b\jdhuff.h">
      <Filter>jpeg</Filter>
    </ClInclude>
    <ClInclude Include="..\jpeg-6b\jerror.h">
      <Filter>jpeg</Filter>
    </ClInclude>
    <ClInclude Include="..\jpeg-6b\jinclude.h">
      <Filter>jpeg</Filter>
    </ClInclude>
    <ClInclude Include="..\jpeg-6b\jmemsys.h">
      <Filter>jpeg</Filter>
    </ClInclude>
    <ClInclude Include="..\jpeg-6b\jmorecfg.h">
      <Filter>jpeg</Filter>
    </ClInclude>
    <ClInclude Include="..\jpeg-6b\jpegint.h">
      <Filter>jpeg</Filter>
    </ClInclude>
    <ClInclude Include="..\jpeg-6b\jpeglib.h">
      <Filter>jpeg</Filter>
    </ClInclude>
    <ClInclude Include="..\jpeg-6b\jversion.h">
      <Filter>jpeg</Filter>
    </ClInclude>
    <ClInclude Include="..\jpeg-6b\transupp.h">
      <Filter>jpeg</Filter>
    </ClInclude>
    <ClInclude Include="..\include\df.h">
      <Filter>include</Filter>
    </ClInclude>
    <ClInclude Include="..\include\dfi.h">
      <Filter>include</Filter>
    </ClInclude>
    <ClInclude Include="..\include\h4config.h">
      <Filter>include</Filter>
    </ClInclude>
    <ClInclude Include="..\include\hbitio.h">
      <Filter>include</Filter>
    </ClInclude>
    <ClInclude Include="..\include\hcomp.h">
      <Filter>include</Filter>
    </ClInclude>
    <ClInclude Include="..\include\hdf.h">
      <Filter>include</Filter>
    </ClInclude>
    <ClInclude Include="..\include\hdfi.h">
      <Filter>include</Filter>
    </ClInclude>
    <ClInclude Include="..\include\herr.h">
      <Filter>include</Filter>
    </ClInclude>
    <ClInclude Include="..\include\hlimits.h">
      <Filter>include</Filter>
    </ClInclude>
    <ClInclude Include="..\include\hntdefs.h">
      <Filter>include</Filter>
    </ClInclude>
    <ClInclude Include="..\include\hproto.h">
      <Filter>include</Filter>
    </ClInclude>
    <ClInclude Include="..\include\htags.h">
      <Filter>include</Filter>
    </ClInclude>
    <ClInclude Include="..\include\jconfig.h">
      <Filter>include</Filter>
    </ClInclude>
    <ClInclude Include="..\include\jerror.h">
      <Filter>include</Filter>
    </ClInclude>
    <ClInclude Include="..\include\jmorecfg.h">
      <Filter>include</Filter>
    </ClInclude>
    <ClInclude Include="..\include\jpeglib.h">
      <Filter>include</Filter>
    </ClInclude>
    <ClInclude Include="..\include\mfgr.h">
      <Filter>include</Filter>
    </ClInclude>
    <ClInclude Include="..\include\vg.h">
      <Filter>include</Filter>
    </ClInclude>
    <ClInclude Include="..\include\zconf.h">
      <Filter>include</Filter>
    </ClInclude>
    <ClInclude Include="..\include\zlib.h">
      <Filter>include</Filter>
    </ClInclude>
    <ClInclude Include="..\hdf-4.2.5\cdeflate.h">
      <Filter>hdf</Filter>
    </ClInclude>
    <ClInclude Include="..\src\graphics.h" />
  </ItemGroup>
  <ItemGroup>
    <Filter Include="hdf">
      <UniqueIdentifier>{34651add-12ed-4be1-8b70-248aa10c80a4}</UniqueIdentifier>
    </Filter>
    <Filter Include="z">
      <UniqueIdentifier>{fcc0c23f-a15b-4149-8418-c68d02586979}</UniqueIdentifier>
    </Filter>
    <Filter Include="jpeg">
      <UniqueIdentifier>{b08f0f99-5243-4346-916e-67e3f18d9f29}</UniqueIdentifier>
    </Filter>
    <Filter Include="include">
      <UniqueIdentifier>{d210b3a9-ad84-46d4-a0df-268a64cb4748}</UniqueIdentifier>
    </Filter>
  </ItemGroup>
  <ItemGroup>
    <None Include="..\hdf-4.2.5\df24ff.f">
      <Filter>hdf</Filter>
    </None>
    <None Include="..\hdf-4.2.5\dfanff.f">
      <Filter>hdf</Filter>
    </None>
    <None Include="..\hdf-4.2.5\dfff.f">
      <Filter>hdf</Filter>
    </None>
    <None Include="..\hdf-4.2.5\dffunc.inc">
      <Filter>hdf</Filter>
    </None>
    <None Include="..\hdf-4.2.5\dfpff.f">
      <Filter>hdf</Filter>
    </None>
    <None Include="..\hdf-4.2.5\dfr8ff.f">
      <Filter>hdf</Filter>
    </None>
    <None Include="..\hdf-4.2.5\dfsdff.f">
      <Filter>hdf</Filter>
    </None>
    <None Include="..\hdf-4.2.5\dfufp2iff.f">
      <Filter>hdf</Filter>
    </None>
    <None Include="..\hdf-4.2.5\h4config.h.in">
      <Filter>hdf</Filter>
    </None>
    <None Include="..\hdf-4.2.5\hdf.inc">
      <Filter>hdf</Filter>
    </None>
    <None Include="..\hdf-4.2.5\hfileff.f">
      <Filter>hdf</Filter>
    </None>
    <None Include="..\hdf-4.2.5\mfgrff.f">
      <Filter>hdf</Filter>
    </None>
    <None Include="..\hdf-4.2.5\src.inc">
      <Filter>hdf</Filter>
    </None>
    <None Include="..\hdf-4.2.5\vattrff.f">
      <Filter>hdf</Filter>
    </None>
    <None Include="..\hdf-4.2.5\vgff.f">
      <Filter>hdf</Filter>
    </None>
    <None Include="..\zlib-1.2.1\zlib.3">
      <Filter>z</Filter>
    </None>
    <None Include="..\jpeg-6b\jconfig.bcc">
      <Filter>jpeg</Filter>
    </None>
    <None Include="..\jpeg-6b\jconfig.cfg">
      <Filter>jpeg</Filter>
    </None>
    <None Include="..\jpeg-6b\jconfig.dj">
      <Filter>jpeg</Filter>
    </None>
    <None Include="..\jpeg-6b\jconfig.doc">
      <Filter>jpeg</Filter>
    </None>
    <None Include="..\jpeg-6b\jconfig.mac">
      <Filter>jpeg</Filter>
    </None>
    <None Include="..\jpeg-6b\jconfig.manx">
      <Filter>jpeg</Filter>
    </None>
    <None Include="..\jpeg-6b\jconfig.mc6">
      <Filter>jpeg</Filter>
    </None>
    <None Include="..\jpeg-6b\jconfig.sas">
      <Filter>jpeg</Filter>
    </None>
    <None Include="..\jpeg-6b\jconfig.st">
      <Filter>jpeg</Filter>
    </None>
    <None Include="..\jpeg-6b\jconfig.vc">
      <Filter>jpeg</Filter>
    </None>
    <None Include="..\jpeg-6b\jconfig.vms">
      <Filter>jpeg</Filter>
    </None>
    <None Include="..\jpeg-6b\jconfig.wat">
      <Filter>jpeg</Filter>
    </None>
    <None Include="..\jpeg-6b\jpegtran.1">
      <Filter>jpeg</Filter>
    </None>
    <None Include="..\jpeg-6b\ltmain.sh">
      <Filter>jpeg</Filter>
    </None>
    <None Include="..\jpeg-6b\rdjpgcom.1">
      <Filter>jpeg</Filter>
    </None>
    <None Include="..\jpeg-6b\wrjpgcom.1">
      <Filter>jpeg</Filter>
    </None>
  </ItemGroup>
  <ItemGroup>
    <Library Include="..\include\jpeg32.lib">
      <Filter>include</Filter>
    </Library>
  </ItemGroup>
</Project>